
Microsoft Visual Studio Solution File, Format Version 12.00
# Visual Studio Version 16
VisualStudioVersion = 16.0.31605.320
MinimumVisualStudioVersion = 10.0.40219.1
Project("{FAE04EC0-301F-11D3-BF4B-00C04F79EFBC}") = "SourceGeneration2.ElectricBoogaloo", "SourceGeneration2.ElectricBoogaloo\SourceGeneration2.ElectricBoogaloo.csproj", "{8CB2030D-5E58-402E-A7FD-77C50611F871}"
EndProject
Project("{FAE04EC0-301F-11D3-BF4B-00C04F79EFBC}") = "SourceGeneration2.Generator", "SourceGeneration2.Generator\SourceGeneration2.Generator.csproj", "{00BD4E7A-CF8C-4ED7-B8C4-5932AD2743F9}"
EndProject
Global
	GlobalSection(SolutionConfigurationPlatforms) = preSolution
		Debug|Any CPU = Debug|Any CPU
		Release|Any CPU = Release|Any CPU
	EndGlobalSection
	GlobalSection(ProjectConfigurationPlatforms) = postSolution
		{8CB2030D-5E58-402E-A7FD-77C50611F871}.Debug|Any CPU.ActiveCfg = Debug|Any CPU
		{8CB2030D-5E58-402E-A7FD-77C50611F871}.Debug|Any CPU.Build.0 = Debug|Any CPU
		{8CB2030D-5E58-402E-A7FD-77C50611F871}.Release|Any CPU.ActiveCfg = Release|Any CPU
		{8CB2030D-5E58-402E-A7FD-77C50611F871}.Release|Any CPU.Build.0 = Release|Any CPU
		{00BD4E7A-CF8C-4ED7-B8C4-5932AD2743F9}.Debug|Any CPU.ActiveCfg = Debug|Any CPU
		{00BD4E7A-CF8C-4ED7-B8C4-5932AD2743F9}.Debug|Any CPU.Build.0 = Debug|Any CPU
		{00BD4E7A-CF8C-4ED7-B8C4-5932AD2743F9}.Release|Any CPU.ActiveCfg = Release|Any CPU
		{00BD4E7A-CF8C-4ED7-B8C4-5932AD2743F9}.Release|Any CPU.Build.0 = Release|Any CPU
	EndGlobalSection
	GlobalSection(SolutionProperties) = preSolution
		HideSolutionNode = FALSE
	EndGlobalSection
	GlobalSection(ExtensibilityGlobals) = postSolution
		SolutionGuid = {03B40177-B341-41C7-AA8B-B12343CF31E8}
	EndGlobalSection
EndGlobal
